
Microsoft Visual Studio Solution File, Format Version 12.00
# Visual Studio Version 16
VisualStudioVersion = 16.0.30114.105
MinimumVisualStudioVersion = 10.0.40219.1
Project("{FAE04EC0-301F-11D3-BF4B-00C04F79EFBC}") = "ProEventos.Application", "ProEventos.Application\ProEventos.Application.csproj", "{6EBBE30C-0594-49A6-BD34-2D095A2687CC}"
EndProject
Project("{FAE04EC0-301F-11D3-BF4B-00C04F79EFBC}") = "ProEventos.Persistence", "ProEventos.Persistence\ProEventos.Persistence.csproj", "{3A5558A4-12FB-46B2-BB2C-AC1DE7A18584}"
EndProject
Project("{FAE04EC0-301F-11D3-BF4B-00C04F79EFBC}") = "ProEventos.Domain", "ProEventos.Domain\ProEventos.Domain.csproj", "{71B4345E-8B91-4D80-8B73-CE344996C3D1}"
EndProject
Project("{FAE04EC0-301F-11D3-BF4B-00C04F79EFBC}") = "ProEventos.API", "ProEventos.API\ProEventos.API.csproj", "{2979D5D7-FCA2-45AC-8580-162AB1835E27}"
EndProject
Global
	GlobalSection(SolutionConfigurationPlatforms) = preSolution
		Debug|Any CPU = Debug|Any CPU
		Debug|x64 = Debug|x64
		Debug|x86 = Debug|x86
		Release|Any CPU = Release|Any CPU
		Release|x64 = Release|x64
		Release|x86 = Release|x86
	EndGlobalSection
	GlobalSection(SolutionProperties) = preSolution
		HideSolutionNode = FALSE
	EndGlobalSection
	GlobalSection(ProjectConfigurationPlatforms) = postSolution
		{6EBBE30C-0594-49A6-BD34-2D095A2687CC}.Debug|Any CPU.ActiveCfg = Debug|Any CPU
		{6EBBE30C-0594-49A6-BD34-2D095A2687CC}.Debug|Any CPU.Build.0 = Debug|Any CPU
		{6EBBE30C-0594-49A6-BD34-2D095A2687CC}.Debug|x64.ActiveCfg = Debug|Any CPU
		{6EBBE30C-0594-49A6-BD34-2D095A2687CC}.Debug|x64.Build.0 = Debug|Any CPU
		{6EBBE30C-0594-49A6-BD34-2D095A2687CC}.Debug|x86.ActiveCfg = Debug|Any CPU
		{6EBBE30C-0594-49A6-BD34-2D095A2687CC}.Debug|x86.Build.0 = Debug|Any CPU
		{6EBBE30C-0594-49A6-BD34-2D095A2687CC}.Release|Any CPU.ActiveCfg = Release|Any CPU
		{6EBBE30C-0594-49A6-BD34-2D095A2687CC}.Release|Any CPU.Build.0 = Release|Any CPU
		{6EBBE30C-0594-49A6-BD34-2D095A2687CC}.Release|x64.ActiveCfg = Release|Any CPU
		{6EBBE30C-0594-49A6-BD34-2D095A2687CC}.Release|x64.Build.0 = Release|Any CPU
		{6EBBE30C-0594-49A6-BD34-2D095A2687CC}.Release|x86.ActiveCfg = Release|Any CPU
		{6EBBE30C-0594-49A6-BD34-2D095A2687CC}.Release|x86.Build.0 = Release|Any CPU
		{3A5558A4-12FB-46B2-BB2C-AC1DE7A18584}.Debug|Any CPU.ActiveCfg = Debug|Any CPU
		{3A5558A4-12FB-46B2-BB2C-AC1DE7A18584}.Debug|Any CPU.Build.0 = Debug|Any CPU
		{3A5558A4-12FB-46B2-BB2C-AC1DE7A18584}.Debug|x64.ActiveCfg = Debug|Any CPU
		{3A5558A4-12FB-46B2-BB2C-AC1DE7A18584}.Debug|x64.Build.0 = Debug|Any CPU
		{3A5558A4-12FB-46B2-BB2C-AC1DE7A18584}.Debug|x86.ActiveCfg = Debug|Any CPU
		{3A5558A4-12FB-46B2-BB2C-AC1DE7A18584}.Debug|x86.Build.0 = Debug|Any CPU
		{3A5558A4-12FB-46B2-BB2C-AC1DE7A18584}.Release|Any CPU.ActiveCfg = Release|Any CPU
		{3A5558A4-12FB-46B2-BB2C-AC1DE7A18584}.Release|Any CPU.Build.0 = Release|Any CPU
		{3A5558A4-12FB-46B2-BB2C-AC1DE7A18584}.Release|x64.ActiveCfg = Release|Any CPU
		{3A5558A4-12FB-46B2-BB2C-AC1DE7A18584}.Release|x64.Build.0 = Release|Any CPU
		{3A5558A4-12FB-46B2-BB2C-AC1DE7A18584}.Release|x86.ActiveCfg = Release|Any CPU
		{3A5558A4-12FB-46B2-BB2C-AC1DE7A18584}.Release|x86.Build.0 = Release|Any CPU
		{71B4345E-8B91-4D80-8B73-CE344996C3D1}.Debug|Any CPU.ActiveCfg = Debug|Any CPU
		{71B4345E-8B91-4D80-8B73-CE344996C3D1}.Debug|Any CPU.Build.0 = Debug|Any CPU
		{71B4345E-8B91-4D80-8B73-CE344996C3D1}.Debug|x64.ActiveCfg = Debug|Any CPU
		{71B4345E-8B91-4D80-8B73-CE344996C3D1}.Debug|x64.Build.0 = Debug|Any CPU
		{71B4345E-8B91-4D80-8B73-CE344996C3D1}.Debug|x86.ActiveCfg = Debug|Any CPU
		{71B4345E-8B91-4D80-8B73-CE344996C3D1}.Debug|x86.Build.0 = Debug|Any CPU
		{71B4345E-8B91-4D80-8B73-CE344996C3D1}.Release|Any CPU.ActiveCfg = Release|Any CPU
		{71B4345E-8B91-4D80-8B73-CE344996C3D1}.Release|Any CPU.Build.0 = Release|Any CPU
		{71B4345E-8B91-4D80-8B73-CE344996C3D1}.Release|x64.ActiveCfg = Release|Any CPU
		{71B4345E-8B91-4D80-8B73-CE344996C3D1}.Release|x64.Build.0 = Release|Any CPU
		{71B4345E-8B91-4D80-8B73-CE344996C3D1}.Release|x86.ActiveCfg = Release|Any CPU
		{71B4345E-8B91-4D80-8B73-CE344996C3D1}.Release|x86.Build.0 = Release|Any CPU
		{2979D5D7-FCA2-45AC-8580-162AB1835E27}.Debug|Any CPU.ActiveCfg = Debug|Any CPU
		{2979D5D7-FCA2-45AC-8580-162AB1835E27}.Debug|Any CPU.Build.0 = Debug|Any CPU
		{2979D5D7-FCA2-45AC-8580-162AB1835E27}.Debug|x64.ActiveCfg = Debug|Any CPU
		{2979D5D7-FCA2-45AC-8580-162AB1835E27}.Debug|x64.Build.0 = Debug|Any CPU
		{2979D5D7-FCA2-45AC-8580-162AB1835E27}.Debug|x86.ActiveCfg = Debug|Any CPU
		{2979D5D7-FCA2-45AC-8580-162AB1835E27}.Debug|x86.Build.0 = Debug|Any CPU
		{2979D5D7-FCA2-45AC-8580-162AB1835E27}.Release|Any CPU.ActiveCfg = Release|Any CPU
		{2979D5D7-FCA2-45AC-8580-162AB1835E27}.Release|Any CPU.Build.0 = Release|Any CPU
		{2979D5D7-FCA2-45AC-8580-162AB1835E27}.Release|x64.ActiveCfg = Release|Any CPU
		{2979D5D7-FCA2-45AC-8580-162AB1835E27}.Release|x64.Build.0 = Release|Any CPU
		{2979D5D7-FCA2-45AC-8580-162AB1835E27}.Release|x86.ActiveCfg = Release|Any CPU
		{2979D5D7-FCA2-45AC-8580-162AB1835E27}.Release|x86.Build.0 = Release|Any CPU
	EndGlobalSection
EndGlobal
